
Microsoft Visual Studio Solution File, Format Version 12.00
# Visual Studio 14
VisualStudioVersion = 14.0.23107.0
MinimumVisualStudioVersion = 10.0.40219.1
Project("{FAE04EC0-301F-11D3-BF4B-00C04F79EFBC}") = "Ejemplo 1 Clase Semana 3", "Ejemplo Clase Semana 3\Ejemplo 1 Clase Semana 3.csproj", "{1D9CC785-9766-4743-88D9-30F59C3176C9}"
EndProject
Project("{FAE04EC0-301F-11D3-BF4B-00C04F79EFBC}") = "Ejemplo 2 Clase Semana 3", "Ejemplo 2 Clase Semana 3\Ejemplo 2 Clase Semana 3.csproj", "{3CF3E652-7209-4E5C-AFE8-45D370BB7FF2}"
EndProject
Project("{FAE04EC0-301F-11D3-BF4B-00C04F79EFBC}") = "Ejemplo 3 Clase Semana 3", "Ejemplo 3 Clase Semana 3\Ejemplo 3 Clase Semana 3.csproj", "{13C5BDEF-03E0-4C27-B212-8495643164D5}"
EndProject
Global
	GlobalSection(SolutionConfigurationPlatforms) = preSolution
		Debug|Any CPU = Debug|Any CPU
		Release|Any CPU = Release|Any CPU
	EndGlobalSection
	GlobalSection(ProjectConfigurationPlatforms) = postSolution
		{1D9CC785-9766-4743-88D9-30F59C3176C9}.Debug|Any CPU.ActiveCfg = Debug|Any CPU
		{1D9CC785-9766-4743-88D9-30F59C3176C9}.Debug|Any CPU.Build.0 = Debug|Any CPU
		{1D9CC785-9766-4743-88D9-30F59C3176C9}.Release|Any CPU.ActiveCfg = Release|Any CPU
		{1D9CC785-9766-4743-88D9-30F59C3176C9}.Release|Any CPU.Build.0 = Release|Any CPU
		{3CF3E652-7209-4E5C-AFE8-45D370BB7FF2}.Debug|Any CPU.ActiveCfg = Debug|Any CPU
		{3CF3E652-7209-4E5C-AFE8-45D370BB7FF2}.Debug|Any CPU.Build.0 = Debug|Any CPU
		{3CF3E652-7209-4E5C-AFE8-45D370BB7FF2}.Release|Any CPU.ActiveCfg = Release|Any CPU
		{3CF3E652-7209-4E5C-AFE8-45D370BB7FF2}.Release|Any CPU.Build.0 = Release|Any CPU
		{13C5BDEF-03E0-4C27-B212-8495643164D5}.Debug|Any CPU.ActiveCfg = Debug|Any CPU
		{13C5BDEF-03E0-4C27-B212-8495643164D5}.Debug|Any CPU.Build.0 = Debug|Any CPU
		{13C5BDEF-03E0-4C27-B212-8495643164D5}.Release|Any CPU.ActiveCfg = Release|Any CPU
		{13C5BDEF-03E0-4C27-B212-8495643164D5}.Release|Any CPU.Build.0 = Release|Any CPU
	EndGlobalSection
	GlobalSection(SolutionProperties) = preSolution
		HideSolutionNode = FALSE
	EndGlobalSection
EndGlobal
